
Microsoft Visual Studio Solution File, Format Version 12.00
# Visual Studio 15
VisualStudioVersion = 15.0.28010.2036
MinimumVisualStudioVersion = 10.0.40219.1
Project("{FAE04EC0-301F-11D3-BF4B-00C04F79EFBC}") = "gameoff2018", "gameoff2018\gameoff2018.csproj", "{34D4FC9A-3A9C-4723-A87C-8171DEF6A70F}"
EndProject
Global
	GlobalSection(SolutionConfigurationPlatforms) = preSolution
		Debug|Any CPU = Debug|Any CPU
		Release|Any CPU = Release|Any CPU
	EndGlobalSection
	GlobalSection(ProjectConfigurationPlatforms) = postSolution
		{34D4FC9A-3A9C-4723-A87C-8171DEF6A70F}.Debug|Any CPU.ActiveCfg = Debug|Any CPU
		{34D4FC9A-3A9C-4723-A87C-8171DEF6A70F}.Debug|Any CPU.Build.0 = Debug|Any CPU
		{34D4FC9A-3A9C-4723-A87C-8171DEF6A70F}.Release|Any CPU.ActiveCfg = Release|Any CPU
		{34D4FC9A-3A9C-4723-A87C-8171DEF6A70F}.Release|Any CPU.Build.0 = Release|Any CPU
	EndGlobalSection
	GlobalSection(SolutionProperties) = preSolution
		HideSolutionNode = FALSE
	EndGlobalSection
	GlobalSection(ExtensibilityGlobals) = postSolution
		SolutionGuid = {628CA383-D3E7-495A-8168-4A9142A4FD2D}
	EndGlobalSection
EndGlobal
